
Microsoft Visual Studio Solution File, Format Version 12.00
# Visual Studio Version 17
VisualStudioVersion = 17.0.31903.59
MinimumVisualStudioVersion = 10.0.40219.1
Project("{9A19103F-16F7-4668-BE54-9A1E7A4F7556}") = "UnikProjekt.Api", "UnikProjekt.Api\UnikProjekt.Api.csproj", "{991E60BA-ABDF-46CA-A124-1A78EE8EBC4E}"
EndProject
Project("{9A19103F-16F7-4668-BE54-9A1E7A4F7556}") = "UnikProjekt.Application", "UnikProjekt.Application\UnikProjekt.Application.csproj", "{6CB060C5-0258-48EC-A58E-C49DDE860322}"
EndProject
Project("{9A19103F-16F7-4668-BE54-9A1E7A4F7556}") = "UnikProjekt.Domain", "UnikProjekt.Domain\UnikProjekt.Domain.csproj", "{7BA7760D-0CCA-4BE8-945D-5D157EDFB9C6}"
EndProject
Project("{9A19103F-16F7-4668-BE54-9A1E7A4F7556}") = "UnikProjekt.Domain.Test", "UnikProjekt.Domain.Test\UnikProjekt.Domain.Test.csproj", "{EC7E8B44-D991-46A6-9CF1-B3B59475554D}"
EndProject
Project("{9A19103F-16F7-4668-BE54-9A1E7A4F7556}") = "UnikProjekt.Infrastructure", "UnikProjekt.Infrastructure\UnikProjekt.Infrastructure.csproj", "{741FAB2F-57DC-4025-A0E6-0A0DC44D1711}"
EndProject
Project("{9A19103F-16F7-4668-BE54-9A1E7A4F7556}") = "UnikProjekt.DatabaseMigration", "UnikProjekt.DatabaseMigration\UnikProjekt.DatabaseMigration.csproj", "{7EE7986C-3F95-4F30-8262-1CBFAAE482D2}"
EndProject
Project("{9A19103F-16F7-4668-BE54-9A1E7A4F7556}") = "WebHousingAssociation", "WebHousingAssociation\WebHousingAssociation.csproj", "{3D47E285-5989-43AB-83C5-E91A216C4426}"
EndProject
Project("{E53339B2-1760-4266-BCC7-CA923CBCF16C}") = "docker-compose", "docker-compose.dcproj", "{4DDC9AD4-2F24-4E01-A97C-24B15560EB58}"
EndProject
Project("{FAE04EC0-301F-11D3-BF4B-00C04F79EFBC}") = "UnikProjekt.Web", "UnikProjekt.Web\UnikProjekt.Web.csproj", "{DC1213C4-F240-4229-88D1-082817EAE6DB}"
EndProject
Global
	GlobalSection(SolutionConfigurationPlatforms) = preSolution
		Debug|Any CPU = Debug|Any CPU
		Release|Any CPU = Release|Any CPU
	EndGlobalSection
	GlobalSection(ProjectConfigurationPlatforms) = postSolution
		{991E60BA-ABDF-46CA-A124-1A78EE8EBC4E}.Debug|Any CPU.ActiveCfg = Debug|Any CPU
		{991E60BA-ABDF-46CA-A124-1A78EE8EBC4E}.Debug|Any CPU.Build.0 = Debug|Any CPU
		{991E60BA-ABDF-46CA-A124-1A78EE8EBC4E}.Release|Any CPU.ActiveCfg = Release|Any CPU
		{991E60BA-ABDF-46CA-A124-1A78EE8EBC4E}.Release|Any CPU.Build.0 = Release|Any CPU
		{6CB060C5-0258-48EC-A58E-C49DDE860322}.Debug|Any CPU.ActiveCfg = Debug|Any CPU
		{6CB060C5-0258-48EC-A58E-C49DDE860322}.Debug|Any CPU.Build.0 = Debug|Any CPU
		{6CB060C5-0258-48EC-A58E-C49DDE860322}.Release|Any CPU.ActiveCfg = Release|Any CPU
		{6CB060C5-0258-48EC-A58E-C49DDE860322}.Release|Any CPU.Build.0 = Release|Any CPU
		{7BA7760D-0CCA-4BE8-945D-5D157EDFB9C6}.Debug|Any CPU.ActiveCfg = Debug|Any CPU
		{7BA7760D-0CCA-4BE8-945D-5D157EDFB9C6}.Debug|Any CPU.Build.0 = Debug|Any CPU
		{7BA7760D-0CCA-4BE8-945D-5D157EDFB9C6}.Release|Any CPU.ActiveCfg = Release|Any CPU
		{7BA7760D-0CCA-4BE8-945D-5D157EDFB9C6}.Release|Any CPU.Build.0 = Release|Any CPU
		{EC7E8B44-D991-46A6-9CF1-B3B59475554D}.Debug|Any CPU.ActiveCfg = Debug|Any CPU
		{EC7E8B44-D991-46A6-9CF1-B3B59475554D}.Debug|Any CPU.Build.0 = Debug|Any CPU
		{EC7E8B44-D991-46A6-9CF1-B3B59475554D}.Release|Any CPU.ActiveCfg = Release|Any CPU
		{EC7E8B44-D991-46A6-9CF1-B3B59475554D}.Release|Any CPU.Build.0 = Release|Any CPU
		{741FAB2F-57DC-4025-A0E6-0A0DC44D1711}.Debug|Any CPU.ActiveCfg = Debug|Any CPU
		{741FAB2F-57DC-4025-A0E6-0A0DC44D1711}.Debug|Any CPU.Build.0 = Debug|Any CPU
		{741FAB2F-57DC-4025-A0E6-0A0DC44D1711}.Release|Any CPU.ActiveCfg = Release|Any CPU
		{741FAB2F-57DC-4025-A0E6-0A0DC44D1711}.Release|Any CPU.Build.0 = Release|Any CPU
		{7EE7986C-3F95-4F30-8262-1CBFAAE482D2}.Debug|Any CPU.ActiveCfg = Debug|Any CPU
		{7EE7986C-3F95-4F30-8262-1CBFAAE482D2}.Debug|Any CPU.Build.0 = Debug|Any CPU
		{7EE7986C-3F95-4F30-8262-1CBFAAE482D2}.Release|Any CPU.ActiveCfg = Release|Any CPU
		{7EE7986C-3F95-4F30-8262-1CBFAAE482D2}.Release|Any CPU.Build.0 = Release|Any CPU
		{3D47E285-5989-43AB-83C5-E91A216C4426}.Debug|Any CPU.ActiveCfg = Debug|Any CPU
		{3D47E285-5989-43AB-83C5-E91A216C4426}.Debug|Any CPU.Build.0 = Debug|Any CPU
		{3D47E285-5989-43AB-83C5-E91A216C4426}.Release|Any CPU.ActiveCfg = Release|Any CPU
		{3D47E285-5989-43AB-83C5-E91A216C4426}.Release|Any CPU.Build.0 = Release|Any CPU
		{4DDC9AD4-2F24-4E01-A97C-24B15560EB58}.Debug|Any CPU.ActiveCfg = Debug|Any CPU
		{4DDC9AD4-2F24-4E01-A97C-24B15560EB58}.Debug|Any CPU.Build.0 = Debug|Any CPU
		{4DDC9AD4-2F24-4E01-A97C-24B15560EB58}.Release|Any CPU.ActiveCfg = Release|Any CPU
		{4DDC9AD4-2F24-4E01-A97C-24B15560EB58}.Release|Any CPU.Build.0 = Release|Any CPU
		{DC1213C4-F240-4229-88D1-082817EAE6DB}.Debug|Any CPU.ActiveCfg = Debug|Any CPU
		{DC1213C4-F240-4229-88D1-082817EAE6DB}.Debug|Any CPU.Build.0 = Debug|Any CPU
		{DC1213C4-F240-4229-88D1-082817EAE6DB}.Release|Any CPU.ActiveCfg = Release|Any CPU
		{DC1213C4-F240-4229-88D1-082817EAE6DB}.Release|Any CPU.Build.0 = Release|Any CPU
	EndGlobalSection
	GlobalSection(SolutionProperties) = preSolution
		HideSolutionNode = FALSE
	EndGlobalSection
	GlobalSection(ExtensibilityGlobals) = postSolution
		SolutionGuid = {C78F7531-5EC0-430A-A0D5-1DC6F5E5A0BC}
	EndGlobalSection
EndGlobal
